// !$*UTF8*$!
{
	archiveVersion = 1;
	classes = {
	};
	objectVersion = 50;
	objects = {

/* Begin PBXBuildFile section */
		91E5432424BC448000BD9094 /* secondViewController.swift in Sources */ = {isa = PBXBuildFile; fileRef = 91E5432324BC448000BD9094 /* secondViewController.swift */; };
		91E57E1524A48B6800961CF2 /* AppDelegate.swift in Sources */ = {isa = PBXBuildFile; fileRef = 91E57E1424A48B6800961CF2 /* AppDelegate.swift */; };
		91E57E1724A48B6800961CF2 /* SceneDelegate.swift in Sources */ = {isa = PBXBuildFile; fileRef = 91E57E1624A48B6800961CF2 /* SceneDelegate.swift */; };
		91E57E1924A48B6800961CF2 /* ViewController.swift in Sources */ = {isa = PBXBuildFile; fileRef = 91E57E1824A48B6800961CF2 /* ViewController.swift */; };
		91E57E1C24A48B6800961CF2 /* Main.storyboard in Resources */ = {isa = PBXBuildFile; fileRef = 91E57E1A24A48B6800961CF2 /* Main.storyboard */; };
		91E57E1E24A48B6900961CF2 /* Assets.xcassets in Resources */ = {isa = PBXBuildFile; fileRef = 91E57E1D24A48B6900961CF2 /* Assets.xcassets */; };
		91E57E2124A48B6900961CF2 /* LaunchScreen.storyboard in Resources */ = {isa = PBXBuildFile; fileRef = 91E57E1F24A48B6900961CF2 /* LaunchScreen.storyboard */; };
/* End PBXBuildFile section */

/* Begin PBXFileReference section */
		91E5432024BC0F8D00BD9094 /* Sollook.entitlements */ = {isa = PBXFileReference; lastKnownFileType = text.plist.entitlements; path = Sollook.entitlements; sourceTree = "<group>"; };
		91E5432324BC448000BD9094 /* secondViewController.swift */ = {isa = PBXFileReference; lastKnownFileType = sourcecode.swift; path = secondViewController.swift; sourceTree = "<group>"; };
		91E57E1124A48B6800961CF2 /* Sollook.app */ = {isa = PBXFileReference; explicitFileType = wrapper.application; includeInIndex = 0; path = Sollook.app; sourceTree = BUILT_PRODUCTS_DIR; };
		91E57E1424A48B6800961CF2 /* AppDelegate.swift */ = {isa = PBXFileReference; lastKnownFileType = sourcecode.swift; path = AppDelegate.swift; sourceTree = "<group>"; };
		91E57E1624A48B6800961CF2 /* SceneDelegate.swift */ = {isa = PBXFileReference; lastKnownFileType = sourcecode.swift; path = SceneDelegate.swift; sourceTree = "<group>"; };
		91E57E1824A48B6800961CF2 /* ViewController.swift */ = {isa = PBXFileReference; lastKnownFileType = sourcecode.swift; path = ViewController.swift; sourceTree = "<group>"; };
		91E57E1B24A48B6800961CF2 /* Base */ = {isa = PBXFileReference; lastKnownFileType = file.storyboard; name = Base; path = Base.lproj/Main.storyboard; sourceTree = "<group>"; };
		91E57E1D24A48B6900961CF2 /* Assets.xcassets */ = {isa = PBXFileReference; lastKnownFileType = folder.assetcatalog; path = Assets.xcassets; sourceTree = "<group>"; };
		91E57E2024A48B6900961CF2 /* Base */ = {isa = PBXFileReference; lastKnownFileType = file.storyboard; name = Base; path = Base.lproj/LaunchScreen.storyboard; sourceTree = "<group>"; };
		91E57E2224A48B6900961CF2 /* Info.plist */ = {isa = PBXFileReference; lastKnownFileType = text.plist.xml; path = Info.plist; sourceTree = "<group>"; };
/* End PBXFileReference section */

/* Begin PBXFrameworksBuildPhase section */
		91E57E0E24A48B6800961CF2 /* Frameworks */ = {
			isa = PBXFrameworksBuildPhase;
			buildActionMask = 2147483647;
			files = (
			);
			runOnlyForDeploymentPostprocessing = 0;
		};
/* End PBXFrameworksBuildPhase section */

/* Begin PBXGroup section */
		91E57E0824A48B6800961CF2 = {
			isa = PBXGroup;
			children = (
				91E57E1324A48B6800961CF2 /* Sollook */,
				91E57E1224A48B6800961CF2 /* Products */,
			);
			sourceTree = "<group>";
		};
		91E57E1224A48B6800961CF2 /* Products */ = {
			isa = PBXGroup;
			children = (
				91E57E1124A48B6800961CF2 /* Sollook.app */,
			);
			name = Products;
			sourceTree = "<group>";
		};
		91E57E1324A48B6800961CF2 /* Sollook */ = {
			isa = PBXGroup;
			children = (
				91E5432024BC0F8D00BD9094 /* Sollook.entitlements */,
				91E57E1424A48B6800961CF2 /* AppDelegate.swift */,
				91E57E1624A48B6800961CF2 /* SceneDelegate.swift */,
				91E57E1824A48B6800961CF2 /* ViewController.swift */,
				91E5432324BC448000BD9094 /* secondViewController.swift */,
				91E57E1A24A48B6800961CF2 /* Main.storyboard */,
				91E57E1D24A48B6900961CF2 /* Assets.xcassets */,
				91E57E1F24A48B6900961CF2 /* LaunchScreen.storyboard */,
				91E57E2224A48B6900961CF2 /* Info.plist */,
			);
			path = Sollook;
			sourceTree = "<group>";
		};
/* End PBXGroup section */

/* Begin PBXNativeTarget section */
		91E57E1024A48B6800961CF2 /* Sollook */ = {
			isa = PBXNativeTarget;
			buildConfigurationList = 91E57E2524A48B6900961CF2 /* Build configuration list for PBXNativeTarget "Sollook" */;
			buildPhases = (
				91E57E0D24A48B6800961CF2 /* Sources */,
				91E57E0E24A48B6800961CF2 /* Frameworks */,
				91E57E0F24A48B6800961CF2 /* Resources */,
			);
			buildRules = (
			);
			dependencies = (
			);
			name = Sollook;
			productName = Sollook;
			productReference = 91E57E1124A48B6800961CF2 /* Sollook.app */;
			productType = "com.apple.product-type.application";
		};
/* End PBXNativeTarget section */

/* Begin PBXProject section */
		91E57E0924A48B6800961CF2 /* Project object */ = {
			isa = PBXProject;
			attributes = {
				LastSwiftUpdateCheck = 1150;
				LastUpgradeCheck = 1150;
				ORGANIZATIONNAME = "박용범";
				TargetAttributes = {
					91E57E1024A48B6800961CF2 = {
						CreatedOnToolsVersion = 11.5;
					};
				};
			};
			buildConfigurationList = 91E57E0C24A48B6800961CF2 /* Build configuration list for PBXProject "Sollook" */;
			compatibilityVersion = "Xcode 9.3";
			developmentRegion = en;
			hasScannedForEncodings = 0;
			knownRegions = (
				en,
				Base,
			);
			mainGroup = 91E57E0824A48B6800961CF2;
			productRefGroup = 91E57E1224A48B6800961CF2 /* Products */;
			projectDirPath = "";
			projectRoot = "";
			targets = (
				91E57E1024A48B6800961CF2 /* Sollook */,
			);
		};
/* End PBXProject section */

/* Begin PBXResourcesBuildPhase section */
		91E57E0F24A48B6800961CF2 /* Resources */ = {
			isa = PBXResourcesBuildPhase;
			buildActionMask = 2147483647;
			files = (
				91E57E2124A48B6900961CF2 /* LaunchScreen.storyboard in Resources */,
				91E57E1E24A48B6900961CF2 /* Assets.xcassets in Resources */,
				91E57E1C24A48B6800961CF2 /* Main.storyboard in Resources */,
			);
			runOnlyForDeploymentPostprocessing = 0;
		};
/* End PBXResourcesBuildPhase section */

/* Begin PBXSourcesBuildPhase section */
		91E57E0D24A48B6800961CF2 /* Sources */ = {
			isa = PBXSourcesBuildPhase;
			buildActionMask = 2147483647;
			files = (
				91E5432424BC448000BD9094 /* secondViewController.swift in Sources */,
				91E57E1924A48B6800961CF2 /* ViewController.swift in Sources */,
				91E57E1524A48B6800961CF2 /* AppDelegate.swift in Sources */,
				91E57E1724A48B6800961CF2 /* SceneDelegate.swift in Sources */,
			);
			runOnlyForDeploymentPostprocessing = 0;
		};
/* End PBXSourcesBuildPhase section */

/* Begin PBXVariantGroup section */
		91E57E1A24A48B6800961CF2 /* Main.storyboard */ = {
			isa = PBXVariantGroup;
			children = (
				91E57E1B24A48B6800961CF2 /* Base */,
			);
			name = Main.storyboard;
			sourceTree = "<group>";
		};
		91E57E1F24A48B6900961CF2 /* LaunchScreen.storyboard */ = {
			isa = PBXVariantGroup;
			children = (
				91E57E2024A48B6900961CF2 /* Base */,
			);
			name = LaunchScreen.storyboard;
			sourceTree = "<group>";
		};
/* End PBXVariantGroup section */

/* Begin XCBuildConfiguration section */
		91E57E2324A48B6900961CF2 /* Debug */ = {
			isa = XCBuildConfiguration;
			buildSettings = {
				ALWAYS_SEARCH_USER_PATHS = NO;
				CLANG_ANALYZER_NONNULL = YES;
				CLANG_ANALYZER_NUMBER_OBJECT_CONVERSION = YES_AGGRESSIVE;
				CLANG_CXX_LANGUAGE_STANDARD = "gnu++14";
				CLANG_CXX_LIBRARY = "libc++";
				CLANG_ENABLE_MODULES = YES;
				CLANG_ENABLE_OBJC_ARC = YES;
				CLANG_ENABLE_OBJC_WEAK = YES;
				CLANG_WARN_BLOCK_CAPTURE_AUTORELEASING = YES;
				CLANG_WARN_BOOL_CONVERSION = YES;
				CLANG_WARN_COMMA = YES;
				CLANG_WARN_CONSTANT_CONVERSION = YES;
				CLANG_WARN_DEPRECATED_OBJC_IMPLEMENTATIONS = YES;
				CLANG_WARN_DIRECT_OBJC_ISA_USAGE = YES_ERROR;
				CLANG_WARN_DOCUMENTATION_COMMENTS = YES;
				CLANG_WARN_EMPTY_BODY = YES;
				CLANG_WARN_ENUM_CONVERSION = YES;
				CLANG_WARN_INFINITE_RECURSION = YES;
				CLANG_WARN_INT_CONVERSION = YES;
				CLANG_WARN_NON_LITERAL_NULL_CONVERSION = YES;
				CLANG_WARN_OBJC_IMPLICIT_RETAIN_SELF = YES;
				CLANG_WARN_OBJC_LITERAL_CONVERSION = YES;
				CLANG_WARN_OBJC_ROOT_CLASS = YES_ERROR;
				CLANG_WARN_RANGE_LOOP_ANALYSIS = YES;
				CLANG_WARN_STRICT_PROTOTYPES = YES;
				CLANG_WARN_SUSPICIOUS_MOVE = YES;
				CLANG_WARN_UNGUARDED_AVAILABILITY = YES_AGGRESSIVE;
				CLANG_WARN_UNREACHABLE_CODE = YES;
				CLANG_WARN__DUPLICATE_METHOD_MATCH = YES;
				COPY_PHASE_STRIP = NO;
				DEBUG_INFORMATION_FORMAT = dwarf;
				ENABLE_STRICT_OBJC_MSGSEND = YES;
				ENABLE_TESTABILITY = YES;
				GCC_C_LANGUAGE_STANDARD = gnu11;
				GCC_DYNAMIC_NO_PIC = NO;
				GCC_NO_COMMON_BLOCKS = YES;
				GCC_OPTIMIZATION_LEVEL = 0;
				GCC_PREPROCESSOR_DEFINITIONS = (
					"DEBUG=1",
					"$(inherited)",
				);
				GCC_WARN_64_TO_32_BIT_CONVERSION = YES;
				GCC_WARN_ABOUT_RETURN_TYPE = YES_ERROR;
				GCC_WARN_UNDECLARED_SELECTOR = YES;
				GCC_WARN_UNINITIALIZED_AUTOS = YES_AGGRESSIVE;
				GCC_WARN_UNUSED_FUNCTION = YES;
				GCC_WARN_UNUSED_VARIABLE = YES;
				IPHONEOS_DEPLOYMENT_TARGET = 13.5;
				MTL_ENABLE_DEBUG_INFO = INCLUDE_SOURCE;
				MTL_FAST_MATH = YES;
				ONLY_ACTIVE_ARCH = YES;
				SDKROOT = iphoneos;
				SWIFT_ACTIVE_COMPILATION_CONDITIONS = DEBUG;
				SWIFT_OPTIMIZATION_LEVEL = "-Onone";
			};
			name = Debug;
		};
		91E57E2424A48B6900961CF2 /* Release */ = {
			isa = XCBuildConfiguration;
			buildSettings = {
				ALWAYS_SEARCH_USER_PATHS = NO;
				CLANG_ANALYZER_NONNULL = YES;
				CLANG_ANALYZER_NUMBER_OBJECT_CONVERSION = YES_AGGRESSIVE;
				CLANG_CXX_LANGUAGE_STANDARD = "gnu++14";
				CLANG_CXX_LIBRARY = "libc++";
				CLANG_ENABLE_MODULES = YES;
				CLANG_ENABLE_OBJC_ARC = YES;
				CLANG_ENABLE_OBJC_WEAK = YES;
				CLANG_WARN_BLOCK_CAPTURE_AUTORELEASING = YES;
				CLANG_WARN_BOOL_CONVERSION = YES;
				CLANG_WARN_COMMA = YES;
				CLANG_WARN_CONSTANT_CONVERSION = YES;
				CLANG_WARN_DEPRECATED_OBJC_IMPLEMENTATIONS = YES;
				CLANG_WARN_DIRECT_OBJC_ISA_USAGE = YES_ERROR;
				CLANG_WARN_DOCUMENTATION_COMMENTS = YES;
				CLANG_WARN_EMPTY_BODY = YES;
				CLANG_WARN_ENUM_CONVERSION = YES;
				CLANG_WARN_INFINITE_RECURSION = YES;
				CLANG_WARN_INT_CONVERSION = YES;
				CLANG_WARN_NON_LITERAL_NULL_CONVERSION = YES;
				CLANG_WARN_OBJC_IMPLICIT_RETAIN_SELF = YES;
				CLANG_WARN_OBJC_LITERAL_CONVERSION = YES;
				CLANG_WARN_OBJC_ROOT_CLASS = YES_ERROR;
				CLANG_WARN_RANGE_LOOP_ANALYSIS = YES;
				CLANG_WARN_STRICT_PROTOTYPES = YES;
				CLANG_WARN_SUSPICIOUS_MOVE = YES;
				CLANG_WARN_UNGUARDED_AVAILABILITY = YES_AGGRESSIVE;
				CLANG_WARN_UNREACHABLE_CODE = YES;
				CLANG_WARN__DUPLICATE_METHOD_MATCH = YES;
				COPY_PHASE_STRIP = NO;
				DEBUG_INFORMATION_FORMAT = "dwarf-with-dsym";
				ENABLE_NS_ASSERTIONS = NO;
				ENABLE_STRICT_OBJC_MSGSEND = YES;
				GCC_C_LANGUAGE_STANDARD = gnu11;
				GCC_NO_COMMON_BLOCKS = YES;
				GCC_WARN_64_TO_32_BIT_CONVERSION = YES;
				GCC_WARN_ABOUT_RETURN_TYPE = YES_ERROR;
				GCC_WARN_UNDECLARED_SELECTOR = YES;
				GCC_WARN_UNINITIALIZED_AUTOS = YES_AGGRESSIVE;
				GCC_WARN_UNUSED_FUNCTION = YES;
				GCC_WARN_UNUSED_VARIABLE = YES;
				IPHONEOS_DEPLOYMENT_TARGET = 13.5;
				MTL_ENABLE_DEBUG_INFO = NO;
				MTL_FAST_MATH = YES;
				SDKROOT = iphoneos;
				SWIFT_COMPILATION_MODE = wholemodule;
				SWIFT_OPTIMIZATION_LEVEL = "-O";
				VALIDATE_PRODUCT = YES;
			};
			name = Release;
		};
		91E57E2624A48B6900961CF2 /* Debug */ = {
			isa = XCBuildConfiguration;
			buildSettings = {
				ASSETCATALOG_COMPILER_APPICON_NAME = AppIcon;
				CODE_SIGN_ENTITLEMENTS = Sollook/Sollook.entitlements;
				CODE_SIGN_STYLE = Automatic;
				INFOPLIST_FILE = Sollook/Info.plist;
				LD_RUNPATH_SEARCH_PATHS = (
					"$(inherited)",
					"@executable_path/Frameworks",
				);
				PRODUCT_BUNDLE_IDENTIFIER = yongbeom.Sollook;
				PRODUCT_NAME = "$(TARGET_NAME)";
				SWIFT_VERSION = 5.0;
				TARGETED_DEVICE_FAMILY = "1,2";
			};
			name = Debug;
		};
		91E57E2724A48B6900961CF2 /* Release */ = {
			isa = XCBuildConfiguration;
			buildSettings = {
				ASSETCATALOG_COMPILER_APPICON_NAME = AppIcon;
				CODE_SIGN_ENTITLEMENTS = Sollook/Sollook.entitlements;
				CODE_SIGN_STYLE = Automatic;
				INFOPLIST_FILE = Sollook/Info.plist;
				LD_RUNPATH_SEARCH_PATHS = (
					"$(inherited)",
					"@executable_path/Frameworks",
				);
				PRODUCT_BUNDLE_IDENTIFIER = yongbeom.Sollook;
				PRODUCT_NAME = "$(TARGET_NAME)";
				SWIFT_VERSION = 5.0;
				TARGETED_DEVICE_FAMILY = "1,2";
			};
			name = Release;
		};
/* End XCBuildConfiguration section */

/* Begin XCConfigurationList section */
		91E57E0C24A48B6800961CF2 /* Build configuration list for PBXProject "Sollook" */ = {
			isa = XCConfigurationList;
			buildConfigurations = (
				91E57E2324A48B6900961CF2 /* Debug */,
				91E57E2424A48B6900961CF2 /* Release */,
			);
			defaultConfigurationIsVisible = 0;
			defaultConfigurationName = Release;
		};
		91E57E2524A48B6900961CF2 /* Build configuration list for PBXNativeTarget "Sollook" */ = {
			isa = XCConfigurationList;
			buildConfigurations = (
				91E57E2624A48B6900961CF2 /* Debug */,
				91E57E2724A48B6900961CF2 /* Release */,
			);
			defaultConfigurationIsVisible = 0;
			defaultConfigurationName = Release;
		};
/* End XCConfigurationList section */
	};
	rootObject = 91E57E0924A48B6800961CF2 /* Project object */;
}
